%{
  "hex_core": {:hex, :hex_core, "0.19.0", "b9b5d3cde2d5227b85c62c4ab9f9db586e6b38cf65a9bf5b683757cae9ced5eb", [:rebar3], [], "hexpm", "c2cc414f3893a7edbcab28207cadca13829407abe41f689c82f379fe22f026a5"},
  "optimus": {:hex, :optimus, "0.6.1", "b493bdc7ee71035fdf8cbfbf158b1863e2d622b65c3906153e4042815c901fca", [:mix], [], "hexpm", "c0db4107a51f5af94de8b05e4208333ebb8016a3bfdbcd74df6e5c99829db17f"},
  "protobuf": {:hex, :protobuf, "0.17.0", "39e24e43c9648e148feba16ed51100b5b2028ea900b55460377b0476f6e10613", [:mix], [{:jason, "~> 1.2", [hex: :jason, repo: "hexpm", optional: true]}], "hexpm", "ca6c91f6f63e2c147b47f03eefd10b80538aa6fc55ff4b12b795efb786b0152f"},
  "purl": {:hex, :purl, "0.5.0", "67cc2a57142236ad4a93184e8db5b83e8285b4b7cf7ad4a67eeefcb61e3134f3", [:mix, :rebar3], [{:stream_data, "~> 1.1", [hex: :stream_data, repo: "hexpm", optional: true]}], "hexpm", "658057133f7698b250821828185997279dba75f3991f5b570357cf3d73f64b4d"},
  "sbom": {:hex, :sbom, "0.11.0", "b36348696dc1a0a0a350ebf26de12b7508fb774e565e213cba95751fc73a5447", [:mix], [{:hex_core, "~> 0.19.0", [hex: :hex_core, repo: "hexpm", optional: false]}, {:jason, "~> 1.4", [hex: :jason, repo: "hexpm", optional: true]}, {:optimus, "~> 0.6.1", [hex: :optimus, repo: "hexpm", optional: false]}, {:protobuf, "~> 0.17.0", [hex: :protobuf, repo: "hexpm", optional: false]}, {:purl, "~> 0.5.0", [hex: :purl, repo: "hexpm", optional: false]}], "hexpm", "edbd95e75155fed8fe61a19f21ea590c58178fe237c816afa534bc514ae53eb9"},
}
